
Microsoft Visual Studio Solution File, Format Version 11.00
# Visual Studio 2010
Project("{FAE04EC0-301F-11D3-BF4B-00C04F79EFBC}") = "UnityEngine.TestRunner", "UnityEngine.TestRunner.csproj", "{1750d577-e60b-25ea-49ad-849f77fba477}"
EndProject
Project("{FAE04EC0-301F-11D3-BF4B-00C04F79EFBC}") = "UnityEngine.UI", "UnityEngine.UI.csproj", "{deada5b4-dc3f-29c7-9cab-8724b20b083a}"
EndProject
Project("{FAE04EC0-301F-11D3-BF4B-00C04F79EFBC}") = "Unity.VisualScripting.Flow", "Unity.VisualScripting.Flow.csproj", "{f324f608-981d-c944-eadd-a4237a96e04f}"
EndProject
Project("{FAE04EC0-301F-11D3-BF4B-00C04F79EFBC}") = "Unity.Services.Core.Telemetry", "Unity.Services.Core.Telemetry.csproj", "{d7997512-b835-6f8d-0d7e-288bba1c893b}"
EndProject
Project("{FAE04EC0-301F-11D3-BF4B-00C04F79EFBC}") = "Unity.InputSystem", "Unity.InputSystem.csproj", "{ab3ef619-7d0a-db50-078e-d21a1c72de03}"
EndProject
Project("{FAE04EC0-301F-11D3-BF4B-00C04F79EFBC}") = "Unity.VisualScripting.State", "Unity.VisualScripting.State.csproj", "{5b348183-33f7-df1e-e3ce-78cba9b840e4}"
EndProject
Project("{FAE04EC0-301F-11D3-BF4B-00C04F79EFBC}") = "Unity.VisualScripting.Core", "Unity.VisualScripting.Core.csproj", "{3155dfdd-b0e9-de94-5c2e-c6985f169b0b}"
EndProject
Project("{FAE04EC0-301F-11D3-BF4B-00C04F79EFBC}") = "Unity.Services.Core.Environments.Internal", "Unity.Services.Core.Environments.Internal.csproj", "{1008e4cc-dab1-5ad1-a907-d313c1ed61aa}"
EndProject
Project("{FAE04EC0-301F-11D3-BF4B-00C04F79EFBC}") = "Unity.TextMeshPro", "Unity.TextMeshPro.csproj", "{1b2c152a-5fef-ef81-43af-d798d78c5389}"
EndProject
Project("{FAE04EC0-301F-11D3-BF4B-00C04F79EFBC}") = "Unity.ProBuilder.Poly2Tri", "Unity.ProBuilder.Poly2Tri.csproj", "{05a4d6c7-0264-9976-859e-4685b4c4d286}"
EndProject
Project("{FAE04EC0-301F-11D3-BF4B-00C04F79EFBC}") = "Cinemachine", "Cinemachine.csproj", "{5403684b-699a-0fe4-7ebd-af298e2b4b62}"
EndProject
Project("{FAE04EC0-301F-11D3-BF4B-00C04F79EFBC}") = "Unity.Timeline", "Unity.Timeline.csproj", "{470f1478-9900-77e5-6420-b78f1bb8c580}"
EndProject
Project("{FAE04EC0-301F-11D3-BF4B-00C04F79EFBC}") = "Unity.Services.Core", "Unity.Services.Core.csproj", "{d85f25a4-f555-5967-ae80-9bdce86f64f1}"
EndProject
Project("{FAE04EC0-301F-11D3-BF4B-00C04F79EFBC}") = "Unity.ProBuilder", "Unity.ProBuilder.csproj", "{0bed7eb4-366b-c75c-5521-d5f490030553}"
EndProject
Project("{FAE04EC0-301F-11D3-BF4B-00C04F79EFBC}") = "Assembly-CSharp", "Assembly-CSharp.csproj", "{85355f1b-cf95-9b1b-491e-73550df5cfea}"
EndProject
Project("{FAE04EC0-301F-11D3-BF4B-00C04F79EFBC}") = "Unity.Services.Core.Environments", "Unity.Services.Core.Environments.csproj", "{4ea6de7b-e62f-f55c-646b-387c497f5d4d}"
EndProject
Project("{FAE04EC0-301F-11D3-BF4B-00C04F79EFBC}") = "Unity.Services.Core.Internal", "Unity.Services.Core.Internal.csproj", "{7b290353-0f34-e9a0-df3c-9b0304b23f21}"
EndProject
Project("{FAE04EC0-301F-11D3-BF4B-00C04F79EFBC}") = "Unity.Services.Core.Analytics", "Unity.Services.Core.Analytics.csproj", "{93fec664-d758-e2cf-e367-a94e4d10044e}"
EndProject
Project("{FAE04EC0-301F-11D3-BF4B-00C04F79EFBC}") = "Unity.ProBuilder.Csg", "Unity.ProBuilder.Csg.csproj", "{5fcda0ba-9bf2-a868-d11e-846765165e23}"
EndProject
Project("{FAE04EC0-301F-11D3-BF4B-00C04F79EFBC}") = "Unity.Services.Core.Scheduler", "Unity.Services.Core.Scheduler.csproj", "{2955767c-d85c-8d99-25cd-39f83d2e02b1}"
EndProject
Project("{FAE04EC0-301F-11D3-BF4B-00C04F79EFBC}") = "Unity.Services.Core.Registration", "Unity.Services.Core.Registration.csproj", "{c93dac19-0302-449c-5b01-445c0d2b077e}"
EndProject
Project("{FAE04EC0-301F-11D3-BF4B-00C04F79EFBC}") = "Unity.Services.Core.Device", "Unity.Services.Core.Device.csproj", "{c6150d14-fe83-7eb6-1e4a-ccfa1ed4578a}"
EndProject
Project("{FAE04EC0-301F-11D3-BF4B-00C04F79EFBC}") = "Unity.Services.Core.Threading", "Unity.Services.Core.Threading.csproj", "{ecfe54a7-f802-2615-dbb2-637919e0c7a7}"
EndProject
Project("{FAE04EC0-301F-11D3-BF4B-00C04F79EFBC}") = "Unity.Services.Core.Networking", "Unity.Services.Core.Networking.csproj", "{88ff3b31-8025-526a-ade3-32b1a8a8a05b}"
EndProject
Project("{FAE04EC0-301F-11D3-BF4B-00C04F79EFBC}") = "Unity.ProBuilder.KdTree", "Unity.ProBuilder.KdTree.csproj", "{d012b791-fc85-f14f-3a54-f99a2e32c508}"
EndProject
Project("{FAE04EC0-301F-11D3-BF4B-00C04F79EFBC}") = "Unity.Services.Core.Configuration", "Unity.Services.Core.Configuration.csproj", "{a4705962-6124-eb08-b447-f5245e140296}"
EndProject
Project("{FAE04EC0-301F-11D3-BF4B-00C04F79EFBC}") = "Unity.ProBuilder.Stl", "Unity.ProBuilder.Stl.csproj", "{ce7a95f4-c541-0217-58fe-21d350841de9}"
EndProject
Project("{FAE04EC0-301F-11D3-BF4B-00C04F79EFBC}") = "Unity.PlasticSCM.Editor", "Unity.PlasticSCM.Editor.csproj", "{ba0b83e4-1cde-807c-c33a-9bba145c188a}"
EndProject
Project("{FAE04EC0-301F-11D3-BF4B-00C04F79EFBC}") = "Unity.VisualScripting.Core.Editor", "Unity.VisualScripting.Core.Editor.csproj", "{b17c6394-7417-f925-5ab5-a3e056380c84}"
EndProject
Project("{FAE04EC0-301F-11D3-BF4B-00C04F79EFBC}") = "Unity.VisualScripting.Flow.Editor", "Unity.VisualScripting.Flow.Editor.csproj", "{fef39d90-8ed7-1996-623a-5e8cf7302a60}"
EndProject
Project("{FAE04EC0-301F-11D3-BF4B-00C04F79EFBC}") = "Unity.VisualStudio.Editor", "Unity.VisualStudio.Editor.csproj", "{af051f68-56ec-a714-b259-37a6e448e81c}"
EndProject
Project("{FAE04EC0-301F-11D3-BF4B-00C04F79EFBC}") = "Unity.ProBuilder.Editor", "Unity.ProBuilder.Editor.csproj", "{c83bceec-dc2d-37e5-ca51-7e86a8f7bc19}"
EndProject
Project("{FAE04EC0-301F-11D3-BF4B-00C04F79EFBC}") = "Unity.Timeline.Editor", "Unity.Timeline.Editor.csproj", "{bf25822b-65b8-a29a-a1d9-f53951869649}"
EndProject
Project("{FAE04EC0-301F-11D3-BF4B-00C04F79EFBC}") = "com.unity.cinemachine.editor", "com.unity.cinemachine.editor.csproj", "{a3371213-703a-b58f-b6b8-c4128787a4dc}"
EndProject
Project("{FAE04EC0-301F-11D3-BF4B-00C04F79EFBC}") = "Unity.VisualScripting.State.Editor", "Unity.VisualScripting.State.Editor.csproj", "{7abd2202-28d6-63bf-030d-53ca9eb3a3bb}"
EndProject
Project("{FAE04EC0-301F-11D3-BF4B-00C04F79EFBC}") = "Unity.TextMeshPro.Editor", "Unity.TextMeshPro.Editor.csproj", "{99795e7b-c325-c45f-5573-c88a98503b09}"
EndProject
Project("{FAE04EC0-301F-11D3-BF4B-00C04F79EFBC}") = "Unity.VisualScripting.SettingsProvider.Editor", "Unity.VisualScripting.SettingsProvider.Editor.csproj", "{9db338b3-d48c-55a3-6e2f-260f78530f1b}"
EndProject
Project("{FAE04EC0-301F-11D3-BF4B-00C04F79EFBC}") = "Unity.CollabProxy.Editor", "Unity.CollabProxy.Editor.csproj", "{5e52d45c-73b6-6821-4fb4-068e5c62aa4f}"
EndProject
Project("{FAE04EC0-301F-11D3-BF4B-00C04F79EFBC}") = "UnityEditor.TestRunner", "UnityEditor.TestRunner.csproj", "{423c8516-7d33-45e0-7569-3fcb6c55da65}"
EndProject
Project("{FAE04EC0-301F-11D3-BF4B-00C04F79EFBC}") = "Unity.Services.Core.Editor", "Unity.Services.Core.Editor.csproj", "{dfd72d7f-ede9-4e59-da5d-5db0f466b47c}"
EndProject
Project("{FAE04EC0-301F-11D3-BF4B-00C04F79EFBC}") = "Unity.TestTools.CodeCoverage.Editor", "Unity.TestTools.CodeCoverage.Editor.csproj", "{3d1b7a41-7a3a-c58e-bd12-cc03c42838eb}"
EndProject
Project("{FAE04EC0-301F-11D3-BF4B-00C04F79EFBC}") = "Unity.Rider.Editor", "Unity.Rider.Editor.csproj", "{3f4db283-17ad-c41d-7efc-a7a97a333d4c}"
EndProject
Project("{FAE04EC0-301F-11D3-BF4B-00C04F79EFBC}") = "Unity.Performance.Profile-Analyzer.Editor", "Unity.Performance.Profile-Analyzer.Editor.csproj", "{f289c663-a248-267c-f835-dd7f4815ed2f}"
EndProject
Project("{FAE04EC0-301F-11D3-BF4B-00C04F79EFBC}") = "Unity.VSCode.Editor", "Unity.VSCode.Editor.csproj", "{50ce3fc5-f479-c89d-4b0a-9bfdf9d15e55}"
EndProject
Project("{FAE04EC0-301F-11D3-BF4B-00C04F79EFBC}") = "Unity.ProBuilder.AssetIdRemapUtility", "Unity.ProBuilder.AssetIdRemapUtility.csproj", "{2be550f0-0372-860f-d5e0-832a5a356d28}"
EndProject
Project("{FAE04EC0-301F-11D3-BF4B-00C04F79EFBC}") = "UnityEditor.UI", "UnityEditor.UI.csproj", "{297efff5-e0d5-7e23-66c6-293e4c705288}"
EndProject
Project("{FAE04EC0-301F-11D3-BF4B-00C04F79EFBC}") = "Unity.TestTools.CodeCoverage.Editor.OpenCover.Model", "Unity.TestTools.CodeCoverage.Editor.OpenCover.Model.csproj", "{c9e5aed9-4b9c-09d8-1e8e-8db8cc2bdb6b}"
EndProject
Project("{FAE04EC0-301F-11D3-BF4B-00C04F79EFBC}") = "Unity.EditorCoroutines.Editor", "Unity.EditorCoroutines.Editor.csproj", "{943457e9-cd33-516f-3581-5adba801351c}"
EndProject
Project("{FAE04EC0-301F-11D3-BF4B-00C04F79EFBC}") = "Unity.Settings.Editor", "Unity.Settings.Editor.csproj", "{2e16c9eb-6be8-f0f2-3f76-60742d05de2c}"
EndProject
Project("{FAE04EC0-301F-11D3-BF4B-00C04F79EFBC}") = "Unity.Services.Core.Configuration.Editor", "Unity.Services.Core.Configuration.Editor.csproj", "{6eb2d79f-48d7-000a-9c7c-4a83be6b2f1c}"
EndProject
Project("{FAE04EC0-301F-11D3-BF4B-00C04F79EFBC}") = "Unity.TestTools.CodeCoverage.Editor.OpenCover.Mono.Reflection", "Unity.TestTools.CodeCoverage.Editor.OpenCover.Mono.Reflection.csproj", "{1cf082fc-05f4-c538-9ca0-bd302947e973}"
EndProject
Project("{FAE04EC0-301F-11D3-BF4B-00C04F79EFBC}") = "Unity.VisualScripting.Shared.Editor", "Unity.VisualScripting.Shared.Editor.csproj", "{c478b0a6-af6b-b1af-aaaf-a08427cc6bcb}"
EndProject
Project("{FAE04EC0-301F-11D3-BF4B-00C04F79EFBC}") = "Unity.ProBuilder.AddOns.Editor", "Unity.ProBuilder.AddOns.Editor.csproj", "{617c0432-b482-728e-49ba-750ef79a69e7}"
EndProject
Global
	GlobalSection(SolutionConfigurationPlatforms) = preSolution
		Debug|Any CPU = Debug|Any CPU
	EndGlobalSection
	GlobalSection(ProjectConfigurationPlatforms) = postSolution
		{1750d577-e60b-25ea-49ad-849f77fba477}.Debug|Any CPU.ActiveCfg = Debug|Any CPU
		{1750d577-e60b-25ea-49ad-849f77fba477}.Debug|Any CPU.Build.0 = Debug|Any CPU
		{deada5b4-dc3f-29c7-9cab-8724b20b083a}.Debug|Any CPU.ActiveCfg = Debug|Any CPU
		{deada5b4-dc3f-29c7-9cab-8724b20b083a}.Debug|Any CPU.Build.0 = Debug|Any CPU
		{f324f608-981d-c944-eadd-a4237a96e04f}.Debug|Any CPU.ActiveCfg = Debug|Any CPU
		{f324f608-981d-c944-eadd-a4237a96e04f}.Debug|Any CPU.Build.0 = Debug|Any CPU
		{d7997512-b835-6f8d-0d7e-288bba1c893b}.Debug|Any CPU.ActiveCfg = Debug|Any CPU
		{d7997512-b835-6f8d-0d7e-288bba1c893b}.Debug|Any CPU.Build.0 = Debug|Any CPU
		{ab3ef619-7d0a-db50-078e-d21a1c72de03}.Debug|Any CPU.ActiveCfg = Debug|Any CPU
		{ab3ef619-7d0a-db50-078e-d21a1c72de03}.Debug|Any CPU.Build.0 = Debug|Any CPU
		{5b348183-33f7-df1e-e3ce-78cba9b840e4}.Debug|Any CPU.ActiveCfg = Debug|Any CPU
		{5b348183-33f7-df1e-e3ce-78cba9b840e4}.Debug|Any CPU.Build.0 = Debug|Any CPU
		{3155dfdd-b0e9-de94-5c2e-c6985f169b0b}.Debug|Any CPU.ActiveCfg = Debug|Any CPU
		{3155dfdd-b0e9-de94-5c2e-c6985f169b0b}.Debug|Any CPU.Build.0 = Debug|Any CPU
		{1008e4cc-dab1-5ad1-a907-d313c1ed61aa}.Debug|Any CPU.ActiveCfg = Debug|Any CPU
		{1008e4cc-dab1-5ad1-a907-d313c1ed61aa}.Debug|Any CPU.Build.0 = Debug|Any CPU
		{1b2c152a-5fef-ef81-43af-d798d78c5389}.Debug|Any CPU.ActiveCfg = Debug|Any CPU
		{1b2c152a-5fef-ef81-43af-d798d78c5389}.Debug|Any CPU.Build.0 = Debug|Any CPU
		{05a4d6c7-0264-9976-859e-4685b4c4d286}.Debug|Any CPU.ActiveCfg = Debug|Any CPU
		{05a4d6c7-0264-9976-859e-4685b4c4d286}.Debug|Any CPU.Build.0 = Debug|Any CPU
		{5403684b-699a-0fe4-7ebd-af298e2b4b62}.Debug|Any CPU.ActiveCfg = Debug|Any CPU
		{5403684b-699a-0fe4-7ebd-af298e2b4b62}.Debug|Any CPU.Build.0 = Debug|Any CPU
		{470f1478-9900-77e5-6420-b78f1bb8c580}.Debug|Any CPU.ActiveCfg = Debug|Any CPU
		{470f1478-9900-77e5-6420-b78f1bb8c580}.Debug|Any CPU.Build.0 = Debug|Any CPU
		{d85f25a4-f555-5967-ae80-9bdce86f64f1}.Debug|Any CPU.ActiveCfg = Debug|Any CPU
		{d85f25a4-f555-5967-ae80-9bdce86f64f1}.Debug|Any CPU.Build.0 = Debug|Any CPU
		{0bed7eb4-366b-c75c-5521-d5f490030553}.Debug|Any CPU.ActiveCfg = Debug|Any CPU
		{0bed7eb4-366b-c75c-5521-d5f490030553}.Debug|Any CPU.Build.0 = Debug|Any CPU
		{85355f1b-cf95-9b1b-491e-73550df5cfea}.Debug|Any CPU.ActiveCfg = Debug|Any CPU
		{85355f1b-cf95-9b1b-491e-73550df5cfea}.Debug|Any CPU.Build.0 = Debug|Any CPU
		{4ea6de7b-e62f-f55c-646b-387c497f5d4d}.Debug|Any CPU.ActiveCfg = Debug|Any CPU
		{4ea6de7b-e62f-f55c-646b-387c497f5d4d}.Debug|Any CPU.Build.0 = Debug|Any CPU
		{7b290353-0f34-e9a0-df3c-9b0304b23f21}.Debug|Any CPU.ActiveCfg = Debug|Any CPU
		{7b290353-0f34-e9a0-df3c-9b0304b23f21}.Debug|Any CPU.Build.0 = Debug|Any CPU
		{93fec664-d758-e2cf-e367-a94e4d10044e}.Debug|Any CPU.ActiveCfg = Debug|Any CPU
		{93fec664-d758-e2cf-e367-a94e4d10044e}.Debug|Any CPU.Build.0 = Debug|Any CPU
		{5fcda0ba-9bf2-a868-d11e-846765165e23}.Debug|Any CPU.ActiveCfg = Debug|Any CPU
		{5fcda0ba-9bf2-a868-d11e-846765165e23}.Debug|Any CPU.Build.0 = Debug|Any CPU
		{2955767c-d85c-8d99-25cd-39f83d2e02b1}.Debug|Any CPU.ActiveCfg = Debug|Any CPU
		{2955767c-d85c-8d99-25cd-39f83d2e02b1}.Debug|Any CPU.Build.0 = Debug|Any CPU
		{c93dac19-0302-449c-5b01-445c0d2b077e}.Debug|Any CPU.ActiveCfg = Debug|Any CPU
		{c93dac19-0302-449c-5b01-445c0d2b077e}.Debug|Any CPU.Build.0 = Debug|Any CPU
		{c6150d14-fe83-7eb6-1e4a-ccfa1ed4578a}.Debug|Any CPU.ActiveCfg = Debug|Any CPU
		{c6150d14-fe83-7eb6-1e4a-ccfa1ed4578a}.Debug|Any CPU.Build.0 = Debug|Any CPU
		{ecfe54a7-f802-2615-dbb2-637919e0c7a7}.Debug|Any CPU.ActiveCfg = Debug|Any CPU
		{ecfe54a7-f802-2615-dbb2-637919e0c7a7}.Debug|Any CPU.Build.0 = Debug|Any CPU
		{88ff3b31-8025-526a-ade3-32b1a8a8a05b}.Debug|Any CPU.ActiveCfg = Debug|Any CPU
		{88ff3b31-8025-526a-ade3-32b1a8a8a05b}.Debug|Any CPU.Build.0 = Debug|Any CPU
		{d012b791-fc85-f14f-3a54-f99a2e32c508}.Debug|Any CPU.ActiveCfg = Debug|Any CPU
		{d012b791-fc85-f14f-3a54-f99a2e32c508}.Debug|Any CPU.Build.0 = Debug|Any CPU
		{a4705962-6124-eb08-b447-f5245e140296}.Debug|Any CPU.ActiveCfg = Debug|Any CPU
		{a4705962-6124-eb08-b447-f5245e140296}.Debug|Any CPU.Build.0 = Debug|Any CPU
		{ce7a95f4-c541-0217-58fe-21d350841de9}.Debug|Any CPU.ActiveCfg = Debug|Any CPU
		{ce7a95f4-c541-0217-58fe-21d350841de9}.Debug|Any CPU.Build.0 = Debug|Any CPU
		{ba0b83e4-1cde-807c-c33a-9bba145c188a}.Debug|Any CPU.ActiveCfg = Debug|Any CPU
		{ba0b83e4-1cde-807c-c33a-9bba145c188a}.Debug|Any CPU.Build.0 = Debug|Any CPU
		{b17c6394-7417-f925-5ab5-a3e056380c84}.Debug|Any CPU.ActiveCfg = Debug|Any CPU
		{b17c6394-7417-f925-5ab5-a3e056380c84}.Debug|Any CPU.Build.0 = Debug|Any CPU
		{fef39d90-8ed7-1996-623a-5e8cf7302a60}.Debug|Any CPU.ActiveCfg = Debug|Any CPU
		{fef39d90-8ed7-1996-623a-5e8cf7302a60}.Debug|Any CPU.Build.0 = Debug|Any CPU
		{af051f68-56ec-a714-b259-37a6e448e81c}.Debug|Any CPU.ActiveCfg = Debug|Any CPU
		{af051f68-56ec-a714-b259-37a6e448e81c}.Debug|Any CPU.Build.0 = Debug|Any CPU
		{c83bceec-dc2d-37e5-ca51-7e86a8f7bc19}.Debug|Any CPU.ActiveCfg = Debug|Any CPU
		{c83bceec-dc2d-37e5-ca51-7e86a8f7bc19}.Debug|Any CPU.Build.0 = Debug|Any CPU
		{bf25822b-65b8-a29a-a1d9-f53951869649}.Debug|Any CPU.ActiveCfg = Debug|Any CPU
		{bf25822b-65b8-a29a-a1d9-f53951869649}.Debug|Any CPU.Build.0 = Debug|Any CPU
		{a3371213-703a-b58f-b6b8-c4128787a4dc}.Debug|Any CPU.ActiveCfg = Debug|Any CPU
		{a3371213-703a-b58f-b6b8-c4128787a4dc}.Debug|Any CPU.Build.0 = Debug|Any CPU
		{7abd2202-28d6-63bf-030d-53ca9eb3a3bb}.Debug|Any CPU.ActiveCfg = Debug|Any CPU
		{7abd2202-28d6-63bf-030d-53ca9eb3a3bb}.Debug|Any CPU.Build.0 = Debug|Any CPU
		{99795e7b-c325-c45f-5573-c88a98503b09}.Debug|Any CPU.ActiveCfg = Debug|Any CPU
		{99795e7b-c325-c45f-5573-c88a98503b09}.Debug|Any CPU.Build.0 = Debug|Any CPU
		{9db338b3-d48c-55a3-6e2f-260f78530f1b}.Debug|Any CPU.ActiveCfg = Debug|Any CPU
		{9db338b3-d48c-55a3-6e2f-260f78530f1b}.Debug|Any CPU.Build.0 = Debug|Any CPU
		{5e52d45c-73b6-6821-4fb4-068e5c62aa4f}.Debug|Any CPU.ActiveCfg = Debug|Any CPU
		{5e52d45c-73b6-6821-4fb4-068e5c62aa4f}.Debug|Any CPU.Build.0 = Debug|Any CPU
		{423c8516-7d33-45e0-7569-3fcb6c55da65}.Debug|Any CPU.ActiveCfg = Debug|Any CPU
		{423c8516-7d33-45e0-7569-3fcb6c55da65}.Debug|Any CPU.Build.0 = Debug|Any CPU
		{dfd72d7f-ede9-4e59-da5d-5db0f466b47c}.Debug|Any CPU.ActiveCfg = Debug|Any CPU
		{dfd72d7f-ede9-4e59-da5d-5db0f466b47c}.Debug|Any CPU.Build.0 = Debug|Any CPU
		{3d1b7a41-7a3a-c58e-bd12-cc03c42838eb}.Debug|Any CPU.ActiveCfg = Debug|Any CPU
		{3d1b7a41-7a3a-c58e-bd12-cc03c42838eb}.Debug|Any CPU.Build.0 = Debug|Any CPU
		{3f4db283-17ad-c41d-7efc-a7a97a333d4c}.Debug|Any CPU.ActiveCfg = Debug|Any CPU
		{3f4db283-17ad-c41d-7efc-a7a97a333d4c}.Debug|Any CPU.Build.0 = Debug|Any CPU
		{f289c663-a248-267c-f835-dd7f4815ed2f}.Debug|Any CPU.ActiveCfg = Debug|Any CPU
		{f289c663-a248-267c-f835-dd7f4815ed2f}.Debug|Any CPU.Build.0 = Debug|Any CPU
		{50ce3fc5-f479-c89d-4b0a-9bfdf9d15e55}.Debug|Any CPU.ActiveCfg = Debug|Any CPU
		{50ce3fc5-f479-c89d-4b0a-9bfdf9d15e55}.Debug|Any CPU.Build.0 = Debug|Any CPU
		{2be550f0-0372-860f-d5e0-832a5a356d28}.Debug|Any CPU.ActiveCfg = Debug|Any CPU
		{2be550f0-0372-860f-d5e0-832a5a356d28}.Debug|Any CPU.Build.0 = Debug|Any CPU
		{297efff5-e0d5-7e23-66c6-293e4c705288}.Debug|Any CPU.ActiveCfg = Debug|Any CPU
		{297efff5-e0d5-7e23-66c6-293e4c705288}.Debug|Any CPU.Build.0 = Debug|Any CPU
		{c9e5aed9-4b9c-09d8-1e8e-8db8cc2bdb6b}.Debug|Any CPU.ActiveCfg = Debug|Any CPU
		{c9e5aed9-4b9c-09d8-1e8e-8db8cc2bdb6b}.Debug|Any CPU.Build.0 = Debug|Any CPU
		{943457e9-cd33-516f-3581-5adba801351c}.Debug|Any CPU.ActiveCfg = Debug|Any CPU
		{943457e9-cd33-516f-3581-5adba801351c}.Debug|Any CPU.Build.0 = Debug|Any CPU
		{2e16c9eb-6be8-f0f2-3f76-60742d05de2c}.Debug|Any CPU.ActiveCfg = Debug|Any CPU
		{2e16c9eb-6be8-f0f2-3f76-60742d05de2c}.Debug|Any CPU.Build.0 = Debug|Any CPU
		{6eb2d79f-48d7-000a-9c7c-4a83be6b2f1c}.Debug|Any CPU.ActiveCfg = Debug|Any CPU
		{6eb2d79f-48d7-000a-9c7c-4a83be6b2f1c}.Debug|Any CPU.Build.0 = Debug|Any CPU
		{1cf082fc-05f4-c538-9ca0-bd302947e973}.Debug|Any CPU.ActiveCfg = Debug|Any CPU
		{1cf082fc-05f4-c538-9ca0-bd302947e973}.Debug|Any CPU.Build.0 = Debug|Any CPU
		{c478b0a6-af6b-b1af-aaaf-a08427cc6bcb}.Debug|Any CPU.ActiveCfg = Debug|Any CPU
		{c478b0a6-af6b-b1af-aaaf-a08427cc6bcb}.Debug|Any CPU.Build.0 = Debug|Any CPU
		{617c0432-b482-728e-49ba-750ef79a69e7}.Debug|Any CPU.ActiveCfg = Debug|Any CPU
		{617c0432-b482-728e-49ba-750ef79a69e7}.Debug|Any CPU.Build.0 = Debug|Any CPU
	EndGlobalSection
	GlobalSection(SolutionProperties) = preSolution
		HideSolutionNode = FALSE
	EndGlobalSection
EndGlobal
